
Microsoft Visual Studio Solution File, Format Version 12.00
# Visual Studio Version 17
VisualStudioVersion = 17.8.34330.188
MinimumVisualStudioVersion = 10.0.40219.1
Project("{FAE04EC0-301F-11D3-BF4B-00C04F79EFBC}") = "ExercicioEncapsulamento", "ExercicioEncapsulamento.csproj", "{D41AA3B4-7494-4E23-A89A-F4E83A3BFB22}"
EndProject
Global
	GlobalSection(SolutionConfigurationPlatforms) = preSolution
		Debug|Any CPU = Debug|Any CPU
		Release|Any CPU = Release|Any CPU
	EndGlobalSection
	GlobalSection(ProjectConfigurationPlatforms) = postSolution
		{D41AA3B4-7494-4E23-A89A-F4E83A3BFB22}.Debug|Any CPU.ActiveCfg = Debug|Any CPU
		{D41AA3B4-7494-4E23-A89A-F4E83A3BFB22}.Debug|Any CPU.Build.0 = Debug|Any CPU
		{D41AA3B4-7494-4E23-A89A-F4E83A3BFB22}.Release|Any CPU.ActiveCfg = Release|Any CPU
		{D41AA3B4-7494-4E23-A89A-F4E83A3BFB22}.Release|Any CPU.Build.0 = Release|Any CPU
	EndGlobalSection
	GlobalSection(SolutionProperties) = preSolution
		HideSolutionNode = FALSE
	EndGlobalSection
	GlobalSection(ExtensibilityGlobals) = postSolution
		SolutionGuid = {613D4378-1BC1-44B4-985B-9056EA6C9B48}
	EndGlobalSection
EndGlobal
