
Microsoft Visual Studio Solution File, Format Version 12.00
# Visual Studio Version 17
VisualStudioVersion = 17.8.34330.188
MinimumVisualStudioVersion = 10.0.40219.1
Project("{FAE04EC0-301F-11D3-BF4B-00C04F79EFBC}") = "Exercicio-01", "Exercicio-01.csproj", "{F28A0BDB-D616-497C-BB64-5A3A1796C6D2}"
EndProject
Global
	GlobalSection(SolutionConfigurationPlatforms) = preSolution
		Debug|Any CPU = Debug|Any CPU
		Release|Any CPU = Release|Any CPU
	EndGlobalSection
	GlobalSection(ProjectConfigurationPlatforms) = postSolution
		{F28A0BDB-D616-497C-BB64-5A3A1796C6D2}.Debug|Any CPU.ActiveCfg = Debug|Any CPU
		{F28A0BDB-D616-497C-BB64-5A3A1796C6D2}.Debug|Any CPU.Build.0 = Debug|Any CPU
		{F28A0BDB-D616-497C-BB64-5A3A1796C6D2}.Release|Any CPU.ActiveCfg = Release|Any CPU
		{F28A0BDB-D616-497C-BB64-5A3A1796C6D2}.Release|Any CPU.Build.0 = Release|Any CPU
	EndGlobalSection
	GlobalSection(SolutionProperties) = preSolution
		HideSolutionNode = FALSE
	EndGlobalSection
	GlobalSection(ExtensibilityGlobals) = postSolution
		SolutionGuid = {EBB985B6-CDCF-4F6B-92F0-29D564C83E52}
	EndGlobalSection
EndGlobal
