
Microsoft Visual Studio Solution File, Format Version 12.00
# Visual Studio Version 17
VisualStudioVersion = 17.8.34330.188
MinimumVisualStudioVersion = 10.0.40219.1
Project("{FAE04EC0-301F-11D3-BF4B-00C04F79EFBC}") = "22-Construtor", "22-Construtor.csproj", "{63DAF5E3-B745-4AB6-BD1B-C7A9BCF1137D}"
EndProject
Global
	GlobalSection(SolutionConfigurationPlatforms) = preSolution
		Debug|Any CPU = Debug|Any CPU
		Release|Any CPU = Release|Any CPU
	EndGlobalSection
	GlobalSection(ProjectConfigurationPlatforms) = postSolution
		{63DAF5E3-B745-4AB6-BD1B-C7A9BCF1137D}.Debug|Any CPU.ActiveCfg = Debug|Any CPU
		{63DAF5E3-B745-4AB6-BD1B-C7A9BCF1137D}.Debug|Any CPU.Build.0 = Debug|Any CPU
		{63DAF5E3-B745-4AB6-BD1B-C7A9BCF1137D}.Release|Any CPU.ActiveCfg = Release|Any CPU
		{63DAF5E3-B745-4AB6-BD1B-C7A9BCF1137D}.Release|Any CPU.Build.0 = Release|Any CPU
	EndGlobalSection
	GlobalSection(SolutionProperties) = preSolution
		HideSolutionNode = FALSE
	EndGlobalSection
	GlobalSection(ExtensibilityGlobals) = postSolution
		SolutionGuid = {70B98D89-FBED-4E14-9F1C-8EE47FE7E6BC}
	EndGlobalSection
EndGlobal
