
Microsoft Visual Studio Solution File, Format Version 12.00
# Visual Studio Version 17
VisualStudioVersion = 17.8.34330.188
MinimumVisualStudioVersion = 10.0.40219.1
Project("{FAE04EC0-301F-11D3-BF4B-00C04F79EFBC}") = "16-For", "16-For.csproj", "{EEC32393-608A-4FDA-9E22-EC21CC276BBC}"
EndProject
Global
	GlobalSection(SolutionConfigurationPlatforms) = preSolution
		Debug|Any CPU = Debug|Any CPU
		Release|Any CPU = Release|Any CPU
	EndGlobalSection
	GlobalSection(ProjectConfigurationPlatforms) = postSolution
		{EEC32393-608A-4FDA-9E22-EC21CC276BBC}.Debug|Any CPU.ActiveCfg = Debug|Any CPU
		{EEC32393-608A-4FDA-9E22-EC21CC276BBC}.Debug|Any CPU.Build.0 = Debug|Any CPU
		{EEC32393-608A-4FDA-9E22-EC21CC276BBC}.Release|Any CPU.ActiveCfg = Release|Any CPU
		{EEC32393-608A-4FDA-9E22-EC21CC276BBC}.Release|Any CPU.Build.0 = Release|Any CPU
	EndGlobalSection
	GlobalSection(SolutionProperties) = preSolution
		HideSolutionNode = FALSE
	EndGlobalSection
	GlobalSection(ExtensibilityGlobals) = postSolution
		SolutionGuid = {A1D97EDC-F2D6-4F5D-89B8-A9F2924CA264}
	EndGlobalSection
EndGlobal
