
Microsoft Visual Studio Solution File, Format Version 12.00
# Visual Studio Version 17
VisualStudioVersion = 17.8.34330.188
MinimumVisualStudioVersion = 10.0.40219.1
Project("{FAE04EC0-301F-11D3-BF4B-00C04F79EFBC}") = "14-While", "14-While.csproj", "{F665A153-D0DB-4FF0-839D-0F1348E03FAF}"
EndProject
Global
	GlobalSection(SolutionConfigurationPlatforms) = preSolution
		Debug|Any CPU = Debug|Any CPU
		Release|Any CPU = Release|Any CPU
	EndGlobalSection
	GlobalSection(ProjectConfigurationPlatforms) = postSolution
		{F665A153-D0DB-4FF0-839D-0F1348E03FAF}.Debug|Any CPU.ActiveCfg = Debug|Any CPU
		{F665A153-D0DB-4FF0-839D-0F1348E03FAF}.Debug|Any CPU.Build.0 = Debug|Any CPU
		{F665A153-D0DB-4FF0-839D-0F1348E03FAF}.Release|Any CPU.ActiveCfg = Release|Any CPU
		{F665A153-D0DB-4FF0-839D-0F1348E03FAF}.Release|Any CPU.Build.0 = Release|Any CPU
	EndGlobalSection
	GlobalSection(SolutionProperties) = preSolution
		HideSolutionNode = FALSE
	EndGlobalSection
	GlobalSection(ExtensibilityGlobals) = postSolution
		SolutionGuid = {89273352-E73A-4679-A9F0-357B0F7BCDD6}
	EndGlobalSection
EndGlobal
