
Microsoft Visual Studio Solution File, Format Version 12.00
# Visual Studio Version 17
VisualStudioVersion = 17.8.34330.188
MinimumVisualStudioVersion = 10.0.40219.1
Project("{FAE04EC0-301F-11D3-BF4B-00C04F79EFBC}") = "Exercicio-04", "Exercicio-04.csproj", "{EEE4B5BD-29F8-427E-AE43-6B45A04235F4}"
EndProject
Global
	GlobalSection(SolutionConfigurationPlatforms) = preSolution
		Debug|Any CPU = Debug|Any CPU
		Release|Any CPU = Release|Any CPU
	EndGlobalSection
	GlobalSection(ProjectConfigurationPlatforms) = postSolution
		{EEE4B5BD-29F8-427E-AE43-6B45A04235F4}.Debug|Any CPU.ActiveCfg = Debug|Any CPU
		{EEE4B5BD-29F8-427E-AE43-6B45A04235F4}.Debug|Any CPU.Build.0 = Debug|Any CPU
		{EEE4B5BD-29F8-427E-AE43-6B45A04235F4}.Release|Any CPU.ActiveCfg = Release|Any CPU
		{EEE4B5BD-29F8-427E-AE43-6B45A04235F4}.Release|Any CPU.Build.0 = Release|Any CPU
	EndGlobalSection
	GlobalSection(SolutionProperties) = preSolution
		HideSolutionNode = FALSE
	EndGlobalSection
	GlobalSection(ExtensibilityGlobals) = postSolution
		SolutionGuid = {A69D4B15-9646-4C35-8C92-DD93E675B932}
	EndGlobalSection
EndGlobal
