
Microsoft Visual Studio Solution File, Format Version 12.00
# Visual Studio Version 17
VisualStudioVersion = 17.8.34330.188
MinimumVisualStudioVersion = 10.0.40219.1
Project("{FAE04EC0-301F-11D3-BF4B-00C04F79EFBC}") = "Exercicio-02", "Exercicio-02.csproj", "{303E614B-A8F5-4128-83C9-6100666B8742}"
EndProject
Global
	GlobalSection(SolutionConfigurationPlatforms) = preSolution
		Debug|Any CPU = Debug|Any CPU
		Release|Any CPU = Release|Any CPU
	EndGlobalSection
	GlobalSection(ProjectConfigurationPlatforms) = postSolution
		{303E614B-A8F5-4128-83C9-6100666B8742}.Debug|Any CPU.ActiveCfg = Debug|Any CPU
		{303E614B-A8F5-4128-83C9-6100666B8742}.Debug|Any CPU.Build.0 = Debug|Any CPU
		{303E614B-A8F5-4128-83C9-6100666B8742}.Release|Any CPU.ActiveCfg = Release|Any CPU
		{303E614B-A8F5-4128-83C9-6100666B8742}.Release|Any CPU.Build.0 = Release|Any CPU
	EndGlobalSection
	GlobalSection(SolutionProperties) = preSolution
		HideSolutionNode = FALSE
	EndGlobalSection
	GlobalSection(ExtensibilityGlobals) = postSolution
		SolutionGuid = {E2E7E88F-CE1C-4B51-AA43-DC539AA8E401}
	EndGlobalSection
EndGlobal
