
Microsoft Visual Studio Solution File, Format Version 12.00
# Visual Studio Version 17
VisualStudioVersion = 17.8.34525.116
MinimumVisualStudioVersion = 10.0.40219.1
Project("{FAE04EC0-301F-11D3-BF4B-00C04F79EFBC}") = "02PlaceholderInterpolacaoeInterpolacao", "02PlaceholderInterpolacaoeInterpolacao.csproj", "{773F16A2-D01D-4964-AC3A-ABE99733B3AB}"
EndProject
Global
	GlobalSection(SolutionConfigurationPlatforms) = preSolution
		Debug|Any CPU = Debug|Any CPU
		Release|Any CPU = Release|Any CPU
	EndGlobalSection
	GlobalSection(ProjectConfigurationPlatforms) = postSolution
		{773F16A2-D01D-4964-AC3A-ABE99733B3AB}.Debug|Any CPU.ActiveCfg = Debug|Any CPU
		{773F16A2-D01D-4964-AC3A-ABE99733B3AB}.Debug|Any CPU.Build.0 = Debug|Any CPU
		{773F16A2-D01D-4964-AC3A-ABE99733B3AB}.Release|Any CPU.ActiveCfg = Release|Any CPU
		{773F16A2-D01D-4964-AC3A-ABE99733B3AB}.Release|Any CPU.Build.0 = Release|Any CPU
	EndGlobalSection
	GlobalSection(SolutionProperties) = preSolution
		HideSolutionNode = FALSE
	EndGlobalSection
	GlobalSection(ExtensibilityGlobals) = postSolution
		SolutionGuid = {730025F8-53FC-48EE-A7A5-4A42D107E292}
	EndGlobalSection
EndGlobal
