
Microsoft Visual Studio Solution File, Format Version 12.00
# Visual Studio Version 17
VisualStudioVersion = 17.8.34330.188
MinimumVisualStudioVersion = 10.0.40219.1
Project("{FAE04EC0-301F-11D3-BF4B-00C04F79EFBC}") = "25-Encapsulamento", "25-Encapsulamento.csproj", "{174CAFBC-7B87-4C1F-AFC6-7D0B117FB479}"
EndProject
Global
	GlobalSection(SolutionConfigurationPlatforms) = preSolution
		Debug|Any CPU = Debug|Any CPU
		Release|Any CPU = Release|Any CPU
	EndGlobalSection
	GlobalSection(ProjectConfigurationPlatforms) = postSolution
		{174CAFBC-7B87-4C1F-AFC6-7D0B117FB479}.Debug|Any CPU.ActiveCfg = Debug|Any CPU
		{174CAFBC-7B87-4C1F-AFC6-7D0B117FB479}.Debug|Any CPU.Build.0 = Debug|Any CPU
		{174CAFBC-7B87-4C1F-AFC6-7D0B117FB479}.Release|Any CPU.ActiveCfg = Release|Any CPU
		{174CAFBC-7B87-4C1F-AFC6-7D0B117FB479}.Release|Any CPU.Build.0 = Release|Any CPU
	EndGlobalSection
	GlobalSection(SolutionProperties) = preSolution
		HideSolutionNode = FALSE
	EndGlobalSection
	GlobalSection(ExtensibilityGlobals) = postSolution
		SolutionGuid = {A69C1F18-7BAD-4DBC-A2BB-CBA224E7EE57}
	EndGlobalSection
EndGlobal
