
Microsoft Visual Studio Solution File, Format Version 12.00
# Visual Studio Version 17
VisualStudioVersion = 17.8.34330.188
MinimumVisualStudioVersion = 10.0.40219.1
Project("{FAE04EC0-301F-11D3-BF4B-00C04F79EFBC}") = "Exercicio", "Exercicio.csproj", "{6EB90847-E03F-49A2-882F-C36AC6B8EE23}"
EndProject
Global
	GlobalSection(SolutionConfigurationPlatforms) = preSolution
		Debug|Any CPU = Debug|Any CPU
		Release|Any CPU = Release|Any CPU
	EndGlobalSection
	GlobalSection(ProjectConfigurationPlatforms) = postSolution
		{6EB90847-E03F-49A2-882F-C36AC6B8EE23}.Debug|Any CPU.ActiveCfg = Debug|Any CPU
		{6EB90847-E03F-49A2-882F-C36AC6B8EE23}.Debug|Any CPU.Build.0 = Debug|Any CPU
		{6EB90847-E03F-49A2-882F-C36AC6B8EE23}.Release|Any CPU.ActiveCfg = Release|Any CPU
		{6EB90847-E03F-49A2-882F-C36AC6B8EE23}.Release|Any CPU.Build.0 = Release|Any CPU
	EndGlobalSection
	GlobalSection(SolutionProperties) = preSolution
		HideSolutionNode = FALSE
	EndGlobalSection
	GlobalSection(ExtensibilityGlobals) = postSolution
		SolutionGuid = {3EF1A24E-4E8E-47C9-918D-97606F992325}
	EndGlobalSection
EndGlobal
