
Microsoft Visual Studio Solution File, Format Version 12.00
# Visual Studio Version 17
VisualStudioVersion = 17.8.34330.188
MinimumVisualStudioVersion = 10.0.40219.1
Project("{FAE04EC0-301F-11D3-BF4B-00C04F79EFBC}") = "Curso", "Curso.csproj", "{FDCB8B84-698F-4B42-82B3-F95190FD870A}"
EndProject
Global
	GlobalSection(SolutionConfigurationPlatforms) = preSolution
		Debug|Any CPU = Debug|Any CPU
		Release|Any CPU = Release|Any CPU
	EndGlobalSection
	GlobalSection(ProjectConfigurationPlatforms) = postSolution
		{FDCB8B84-698F-4B42-82B3-F95190FD870A}.Debug|Any CPU.ActiveCfg = Debug|Any CPU
		{FDCB8B84-698F-4B42-82B3-F95190FD870A}.Debug|Any CPU.Build.0 = Debug|Any CPU
		{FDCB8B84-698F-4B42-82B3-F95190FD870A}.Release|Any CPU.ActiveCfg = Release|Any CPU
		{FDCB8B84-698F-4B42-82B3-F95190FD870A}.Release|Any CPU.Build.0 = Release|Any CPU
	EndGlobalSection
	GlobalSection(SolutionProperties) = preSolution
		HideSolutionNode = FALSE
	EndGlobalSection
	GlobalSection(ExtensibilityGlobals) = postSolution
		SolutionGuid = {E83BEB30-BA88-43BA-B8D6-AC113FD1E191}
	EndGlobalSection
EndGlobal
