
Microsoft Visual Studio Solution File, Format Version 12.00
# Visual Studio Version 17
VisualStudioVersion = 17.8.34330.188
MinimumVisualStudioVersion = 10.0.40219.1
Project("{FAE04EC0-301F-11D3-BF4B-00C04F79EFBC}") = "Sobrecarga", "Sobrecarga.csproj", "{421A5583-8D7C-45D6-BABB-6BD3457945DA}"
EndProject
Global
	GlobalSection(SolutionConfigurationPlatforms) = preSolution
		Debug|Any CPU = Debug|Any CPU
		Release|Any CPU = Release|Any CPU
	EndGlobalSection
	GlobalSection(ProjectConfigurationPlatforms) = postSolution
		{421A5583-8D7C-45D6-BABB-6BD3457945DA}.Debug|Any CPU.ActiveCfg = Debug|Any CPU
		{421A5583-8D7C-45D6-BABB-6BD3457945DA}.Debug|Any CPU.Build.0 = Debug|Any CPU
		{421A5583-8D7C-45D6-BABB-6BD3457945DA}.Release|Any CPU.ActiveCfg = Release|Any CPU
		{421A5583-8D7C-45D6-BABB-6BD3457945DA}.Release|Any CPU.Build.0 = Release|Any CPU
	EndGlobalSection
	GlobalSection(SolutionProperties) = preSolution
		HideSolutionNode = FALSE
	EndGlobalSection
	GlobalSection(ExtensibilityGlobals) = postSolution
		SolutionGuid = {76045E8E-5591-426C-95D3-D28410E6D84B}
	EndGlobalSection
EndGlobal
