
Microsoft Visual Studio Solution File, Format Version 12.00
# Visual Studio Version 17
VisualStudioVersion = 17.8.34525.116
MinimumVisualStudioVersion = 10.0.40219.1
Project("{FAE04EC0-301F-11D3-BF4B-00C04F79EFBC}") = "Exercicio", "Exercicio.csproj", "{D3F03344-2BDA-4189-A47E-F6E87D92CA20}"
EndProject
Global
	GlobalSection(SolutionConfigurationPlatforms) = preSolution
		Debug|Any CPU = Debug|Any CPU
		Release|Any CPU = Release|Any CPU
	EndGlobalSection
	GlobalSection(ProjectConfigurationPlatforms) = postSolution
		{D3F03344-2BDA-4189-A47E-F6E87D92CA20}.Debug|Any CPU.ActiveCfg = Debug|Any CPU
		{D3F03344-2BDA-4189-A47E-F6E87D92CA20}.Debug|Any CPU.Build.0 = Debug|Any CPU
		{D3F03344-2BDA-4189-A47E-F6E87D92CA20}.Release|Any CPU.ActiveCfg = Release|Any CPU
		{D3F03344-2BDA-4189-A47E-F6E87D92CA20}.Release|Any CPU.Build.0 = Release|Any CPU
	EndGlobalSection
	GlobalSection(SolutionProperties) = preSolution
		HideSolutionNode = FALSE
	EndGlobalSection
	GlobalSection(ExtensibilityGlobals) = postSolution
		SolutionGuid = {FB0A401A-0540-4BD2-9BA3-FFFC2F3A76B3}
	EndGlobalSection
EndGlobal
